
Microsoft Visual Studio Solution File, Format Version 12.00
# Visual Studio Version 16
VisualStudioVersion = 16.0.30517.126
MinimumVisualStudioVersion = 10.0.40219.1
Project("{FAE04EC0-301F-11D3-BF4B-00C04F79EFBC}") = "EditorTextoWPF", "EditorTextoWPF\EditorTextoWPF.csproj", "{D03BC2DC-828D-4A03-B7B0-4D2187C5DF15}"
EndProject
Global
	GlobalSection(SolutionConfigurationPlatforms) = preSolution
		Debug|Any CPU = Debug|Any CPU
		Release|Any CPU = Release|Any CPU
	EndGlobalSection
	GlobalSection(ProjectConfigurationPlatforms) = postSolution
		{D03BC2DC-828D-4A03-B7B0-4D2187C5DF15}.Debug|Any CPU.ActiveCfg = Debug|Any CPU
		{D03BC2DC-828D-4A03-B7B0-4D2187C5DF15}.Debug|Any CPU.Build.0 = Debug|Any CPU
		{D03BC2DC-828D-4A03-B7B0-4D2187C5DF15}.Release|Any CPU.ActiveCfg = Release|Any CPU
		{D03BC2DC-828D-4A03-B7B0-4D2187C5DF15}.Release|Any CPU.Build.0 = Release|Any CPU
	EndGlobalSection
	GlobalSection(SolutionProperties) = preSolution
		HideSolutionNode = FALSE
	EndGlobalSection
	GlobalSection(ExtensibilityGlobals) = postSolution
		SolutionGuid = {E62CF985-BA45-4B7E-BD8E-EF9E71B92CB0}
	EndGlobalSection
EndGlobal
